
Microsoft Visual Studio Solution File, Format Version 12.00
Project("{FAE04EC0-301F-11D3-BF4B-00C04F79EFBC}") = "ProbandoGitflow", "ProbandoGitflow\ProbandoGitflow.csproj", "{189075C2-54B1-4E98-8578-AE95880F95D9}"
EndProject
Global
	GlobalSection(SolutionConfigurationPlatforms) = preSolution
		Debug|Any CPU = Debug|Any CPU
		Release|Any CPU = Release|Any CPU
	EndGlobalSection
	GlobalSection(ProjectConfigurationPlatforms) = postSolution
		{189075C2-54B1-4E98-8578-AE95880F95D9}.Debug|Any CPU.ActiveCfg = Debug|Any CPU
		{189075C2-54B1-4E98-8578-AE95880F95D9}.Debug|Any CPU.Build.0 = Debug|Any CPU
		{189075C2-54B1-4E98-8578-AE95880F95D9}.Release|Any CPU.ActiveCfg = Release|Any CPU
		{189075C2-54B1-4E98-8578-AE95880F95D9}.Release|Any CPU.Build.0 = Release|Any CPU
	EndGlobalSection
EndGlobal
